
Microsoft Visual Studio Solution File, Format Version 12.00
# Visual Studio 15
VisualStudioVersion = 15.0.26124.0
MinimumVisualStudioVersion = 15.0.26124.0
Project("{2150E333-8FDC-42A3-9474-1A3956D46DE8}") = "src", "src", "{DD60E241-02B3-4E42-97C6-FA88C3A0D7BD}"
EndProject
Project("{2150E333-8FDC-42A3-9474-1A3956D46DE8}") = "server", "server", "{4E741970-B6F4-4302-8F29-CDFF57E797CF}"
EndProject
Project("{FAE04EC0-301F-11D3-BF4B-00C04F79EFBC}") = "Ncc.China.Http", "src\server\http\Ncc.China.Http.csproj", "{DFFE2F37-ABA6-4D83-A191-C94F7016A328}"
EndProject
Global
	GlobalSection(SolutionConfigurationPlatforms) = preSolution
		Debug|Any CPU = Debug|Any CPU
		Debug|x64 = Debug|x64
		Debug|x86 = Debug|x86
		Release|Any CPU = Release|Any CPU
		Release|x64 = Release|x64
		Release|x86 = Release|x86
	EndGlobalSection
	GlobalSection(SolutionProperties) = preSolution
		HideSolutionNode = FALSE
	EndGlobalSection
	GlobalSection(ProjectConfigurationPlatforms) = postSolution
		{DFFE2F37-ABA6-4D83-A191-C94F7016A328}.Debug|Any CPU.ActiveCfg = Debug|Any CPU
		{DFFE2F37-ABA6-4D83-A191-C94F7016A328}.Debug|Any CPU.Build.0 = Debug|Any CPU
		{DFFE2F37-ABA6-4D83-A191-C94F7016A328}.Debug|x64.ActiveCfg = Debug|Any CPU
		{DFFE2F37-ABA6-4D83-A191-C94F7016A328}.Debug|x64.Build.0 = Debug|Any CPU
		{DFFE2F37-ABA6-4D83-A191-C94F7016A328}.Debug|x86.ActiveCfg = Debug|Any CPU
		{DFFE2F37-ABA6-4D83-A191-C94F7016A328}.Debug|x86.Build.0 = Debug|Any CPU
		{DFFE2F37-ABA6-4D83-A191-C94F7016A328}.Release|Any CPU.ActiveCfg = Release|Any CPU
		{DFFE2F37-ABA6-4D83-A191-C94F7016A328}.Release|Any CPU.Build.0 = Release|Any CPU
		{DFFE2F37-ABA6-4D83-A191-C94F7016A328}.Release|x64.ActiveCfg = Release|Any CPU
		{DFFE2F37-ABA6-4D83-A191-C94F7016A328}.Release|x64.Build.0 = Release|Any CPU
		{DFFE2F37-ABA6-4D83-A191-C94F7016A328}.Release|x86.ActiveCfg = Release|Any CPU
		{DFFE2F37-ABA6-4D83-A191-C94F7016A328}.Release|x86.Build.0 = Release|Any CPU
	EndGlobalSection
	GlobalSection(NestedProjects) = preSolution
		{4E741970-B6F4-4302-8F29-CDFF57E797CF} = {DD60E241-02B3-4E42-97C6-FA88C3A0D7BD}
		{DFFE2F37-ABA6-4D83-A191-C94F7016A328} = {4E741970-B6F4-4302-8F29-CDFF57E797CF}
	EndGlobalSection
EndGlobal
